
Microsoft Visual Studio Solution File, Format Version 12.00
# Visual Studio Version 17
VisualStudioVersion = 17.0.31903.59
MinimumVisualStudioVersion = 10.0.40219.1
Project("{2150E333-8FDC-42A3-9474-1A3956D46DE8}") = "src", "src", "{827E0CD3-B72D-47B6-A68D-7590B98EB39B}"
EndProject
Project("{FAE04EC0-301F-11D3-BF4B-00C04F79EFBC}") = "Rsl.Api", "src\Rsl.Api\Rsl.Api.csproj", "{2A8700CA-21EF-47B5-AD70-BC9949039526}"
EndProject
Project("{FAE04EC0-301F-11D3-BF4B-00C04F79EFBC}") = "Rsl.Core", "src\Rsl.Core\Rsl.Core.csproj", "{0F8950DA-C7AD-4D8B-9452-CD27B66B3056}"
EndProject
Project("{FAE04EC0-301F-11D3-BF4B-00C04F79EFBC}") = "Rsl.Infrastructure", "src\Rsl.Infrastructure\Rsl.Infrastructure.csproj", "{AADD2590-B229-4535-B7E6-3CE95BB012F9}"
EndProject
Project("{FAE04EC0-301F-11D3-BF4B-00C04F79EFBC}") = "Rsl.Jobs", "src\Rsl.Jobs\Rsl.Jobs.csproj", "{C70504E3-0479-40B3-A83C-3FD51F40CE6F}"
EndProject
Project("{FAE04EC0-301F-11D3-BF4B-00C04F79EFBC}") = "Rsl.Recommendation", "src\Rsl.Recommendation\Rsl.Recommendation.csproj", "{453634C6-9B6A-4C3C-9823-7C49C672B07E}"
EndProject
Project("{FAE04EC0-301F-11D3-BF4B-00C04F79EFBC}") = "Rsl.Llm", "src\Rsl.Llm\Rsl.Llm.csproj", "{8B06A944-8D0A-45DD-B214-CD9157617364}"
EndProject
Project("{FAE04EC0-301F-11D3-BF4B-00C04F79EFBC}") = "Rsl.Web", "src\Rsl.Web\Rsl.Web.csproj", "{033EA2DF-554D-4722-8A40-37B4460A2B54}"
EndProject
Project("{2150E333-8FDC-42A3-9474-1A3956D46DE8}") = "tests", "tests", "{0AB3BF05-4346-4AA6-1389-037BE0695223}"
EndProject
Project("{FAE04EC0-301F-11D3-BF4B-00C04F79EFBC}") = "Rsl.Tests", "tests\Rsl.Tests\Rsl.Tests.csproj", "{C7C18881-BBFB-4361-A8D5-C8A8FC7CA61E}"
EndProject
Global
	GlobalSection(SolutionConfigurationPlatforms) = preSolution
		Debug|Any CPU = Debug|Any CPU
		Debug|x64 = Debug|x64
		Debug|x86 = Debug|x86
		Release|Any CPU = Release|Any CPU
		Release|x64 = Release|x64
		Release|x86 = Release|x86
	EndGlobalSection
	GlobalSection(ProjectConfigurationPlatforms) = postSolution
		{2A8700CA-21EF-47B5-AD70-BC9949039526}.Debug|Any CPU.ActiveCfg = Debug|Any CPU
		{2A8700CA-21EF-47B5-AD70-BC9949039526}.Debug|Any CPU.Build.0 = Debug|Any CPU
		{2A8700CA-21EF-47B5-AD70-BC9949039526}.Debug|x64.ActiveCfg = Debug|Any CPU
		{2A8700CA-21EF-47B5-AD70-BC9949039526}.Debug|x64.Build.0 = Debug|Any CPU
		{2A8700CA-21EF-47B5-AD70-BC9949039526}.Debug|x86.ActiveCfg = Debug|Any CPU
		{2A8700CA-21EF-47B5-AD70-BC9949039526}.Debug|x86.Build.0 = Debug|Any CPU
		{2A8700CA-21EF-47B5-AD70-BC9949039526}.Release|Any CPU.ActiveCfg = Release|Any CPU
		{2A8700CA-21EF-47B5-AD70-BC9949039526}.Release|Any CPU.Build.0 = Release|Any CPU
		{2A8700CA-21EF-47B5-AD70-BC9949039526}.Release|x64.ActiveCfg = Release|Any CPU
		{2A8700CA-21EF-47B5-AD70-BC9949039526}.Release|x64.Build.0 = Release|Any CPU
		{2A8700CA-21EF-47B5-AD70-BC9949039526}.Release|x86.ActiveCfg = Release|Any CPU
		{2A8700CA-21EF-47B5-AD70-BC9949039526}.Release|x86.Build.0 = Release|Any CPU
		{0F8950DA-C7AD-4D8B-9452-CD27B66B3056}.Debug|Any CPU.ActiveCfg = Debug|Any CPU
		{0F8950DA-C7AD-4D8B-9452-CD27B66B3056}.Debug|Any CPU.Build.0 = Debug|Any CPU
		{0F8950DA-C7AD-4D8B-9452-CD27B66B3056}.Debug|x64.ActiveCfg = Debug|Any CPU
		{0F8950DA-C7AD-4D8B-9452-CD27B66B3056}.Debug|x64.Build.0 = Debug|Any CPU
		{0F8950DA-C7AD-4D8B-9452-CD27B66B3056}.Debug|x86.ActiveCfg = Debug|Any CPU
		{0F8950DA-C7AD-4D8B-9452-CD27B66B3056}.Debug|x86.Build.0 = Debug|Any CPU
		{0F8950DA-C7AD-4D8B-9452-CD27B66B3056}.Release|Any CPU.ActiveCfg = Release|Any CPU
		{0F8950DA-C7AD-4D8B-9452-CD27B66B3056}.Release|Any CPU.Build.0 = Release|Any CPU
		{0F8950DA-C7AD-4D8B-9452-CD27B66B3056}.Release|x64.ActiveCfg = Release|Any CPU
		{0F8950DA-C7AD-4D8B-9452-CD27B66B3056}.Release|x64.Build.0 = Release|Any CPU
		{0F8950DA-C7AD-4D8B-9452-CD27B66B3056}.Release|x86.ActiveCfg = Release|Any CPU
		{0F8950DA-C7AD-4D8B-9452-CD27B66B3056}.Release|x86.Build.0 = Release|Any CPU
		{AADD2590-B229-4535-B7E6-3CE95BB012F9}.Debug|Any CPU.ActiveCfg = Debug|Any CPU
		{AADD2590-B229-4535-B7E6-3CE95BB012F9}.Debug|Any CPU.Build.0 = Debug|Any CPU
		{AADD2590-B229-4535-B7E6-3CE95BB012F9}.Debug|x64.ActiveCfg = Debug|Any CPU
		{AADD2590-B229-4535-B7E6-3CE95BB012F9}.Debug|x64.Build.0 = Debug|Any CPU
		{AADD2590-B229-4535-B7E6-3CE95BB012F9}.Debug|x86.ActiveCfg = Debug|Any CPU
		{AADD2590-B229-4535-B7E6-3CE95BB012F9}.Debug|x86.Build.0 = Debug|Any CPU
		{AADD2590-B229-4535-B7E6-3CE95BB012F9}.Release|Any CPU.ActiveCfg = Release|Any CPU
		{AADD2590-B229-4535-B7E6-3CE95BB012F9}.Release|Any CPU.Build.0 = Release|Any CPU
		{AADD2590-B229-4535-B7E6-3CE95BB012F9}.Release|x64.ActiveCfg = Release|Any CPU
		{AADD2590-B229-4535-B7E6-3CE95BB012F9}.Release|x64.Build.0 = Release|Any CPU
		{AADD2590-B229-4535-B7E6-3CE95BB012F9}.Release|x86.ActiveCfg = Release|Any CPU
		{AADD2590-B229-4535-B7E6-3CE95BB012F9}.Release|x86.Build.0 = Release|Any CPU
		{C70504E3-0479-40B3-A83C-3FD51F40CE6F}.Debug|Any CPU.ActiveCfg = Debug|Any CPU
		{C70504E3-0479-40B3-A83C-3FD51F40CE6F}.Debug|Any CPU.Build.0 = Debug|Any CPU
		{C70504E3-0479-40B3-A83C-3FD51F40CE6F}.Debug|x64.ActiveCfg = Debug|Any CPU
		{C70504E3-0479-40B3-A83C-3FD51F40CE6F}.Debug|x64.Build.0 = Debug|Any CPU
		{C70504E3-0479-40B3-A83C-3FD51F40CE6F}.Debug|x86.ActiveCfg = Debug|Any CPU
		{C70504E3-0479-40B3-A83C-3FD51F40CE6F}.Debug|x86.Build.0 = Debug|Any CPU
		{C70504E3-0479-40B3-A83C-3FD51F40CE6F}.Release|Any CPU.ActiveCfg = Release|Any CPU
		{C70504E3-0479-40B3-A83C-3FD51F40CE6F}.Release|Any CPU.Build.0 = Release|Any CPU
		{C70504E3-0479-40B3-A83C-3FD51F40CE6F}.Release|x64.ActiveCfg = Release|Any CPU
		{C70504E3-0479-40B3-A83C-3FD51F40CE6F}.Release|x64.Build.0 = Release|Any CPU
		{C70504E3-0479-40B3-A83C-3FD51F40CE6F}.Release|x86.ActiveCfg = Release|Any CPU
		{C70504E3-0479-40B3-A83C-3FD51F40CE6F}.Release|x86.Build.0 = Release|Any CPU
		{453634C6-9B6A-4C3C-9823-7C49C672B07E}.Debug|Any CPU.ActiveCfg = Debug|Any CPU
		{453634C6-9B6A-4C3C-9823-7C49C672B07E}.Debug|Any CPU.Build.0 = Debug|Any CPU
		{453634C6-9B6A-4C3C-9823-7C49C672B07E}.Debug|x64.ActiveCfg = Debug|Any CPU
		{453634C6-9B6A-4C3C-9823-7C49C672B07E}.Debug|x64.Build.0 = Debug|Any CPU
		{453634C6-9B6A-4C3C-9823-7C49C672B07E}.Debug|x86.ActiveCfg = Debug|Any CPU
		{453634C6-9B6A-4C3C-9823-7C49C672B07E}.Debug|x86.Build.0 = Debug|Any CPU
		{453634C6-9B6A-4C3C-9823-7C49C672B07E}.Release|Any CPU.ActiveCfg = Release|Any CPU
		{453634C6-9B6A-4C3C-9823-7C49C672B07E}.Release|Any CPU.Build.0 = Release|Any CPU
		{453634C6-9B6A-4C3C-9823-7C49C672B07E}.Release|x64.ActiveCfg = Release|Any CPU
		{453634C6-9B6A-4C3C-9823-7C49C672B07E}.Release|x64.Build.0 = Release|Any CPU
		{453634C6-9B6A-4C3C-9823-7C49C672B07E}.Release|x86.ActiveCfg = Release|Any CPU
		{453634C6-9B6A-4C3C-9823-7C49C672B07E}.Release|x86.Build.0 = Release|Any CPU
		{8B06A944-8D0A-45DD-B214-CD9157617364}.Debug|Any CPU.ActiveCfg = Debug|Any CPU
		{8B06A944-8D0A-45DD-B214-CD9157617364}.Debug|Any CPU.Build.0 = Debug|Any CPU
		{8B06A944-8D0A-45DD-B214-CD9157617364}.Debug|x64.ActiveCfg = Debug|Any CPU
		{8B06A944-8D0A-45DD-B214-CD9157617364}.Debug|x64.Build.0 = Debug|Any CPU
		{8B06A944-8D0A-45DD-B214-CD9157617364}.Debug|x86.ActiveCfg = Debug|Any CPU
		{8B06A944-8D0A-45DD-B214-CD9157617364}.Debug|x86.Build.0 = Debug|Any CPU
		{8B06A944-8D0A-45DD-B214-CD9157617364}.Release|Any CPU.ActiveCfg = Release|Any CPU
		{8B06A944-8D0A-45DD-B214-CD9157617364}.Release|Any CPU.Build.0 = Release|Any CPU
		{8B06A944-8D0A-45DD-B214-CD9157617364}.Release|x64.ActiveCfg = Release|Any CPU
		{8B06A944-8D0A-45DD-B214-CD9157617364}.Release|x64.Build.0 = Release|Any CPU
		{8B06A944-8D0A-45DD-B214-CD9157617364}.Release|x86.ActiveCfg = Release|Any CPU
		{8B06A944-8D0A-45DD-B214-CD9157617364}.Release|x86.Build.0 = Release|Any CPU
		{033EA2DF-554D-4722-8A40-37B4460A2B54}.Debug|Any CPU.ActiveCfg = Debug|Any CPU
		{033EA2DF-554D-4722-8A40-37B4460A2B54}.Debug|Any CPU.Build.0 = Debug|Any CPU
		{033EA2DF-554D-4722-8A40-37B4460A2B54}.Debug|x64.ActiveCfg = Debug|Any CPU
		{033EA2DF-554D-4722-8A40-37B4460A2B54}.Debug|x64.Build.0 = Debug|Any CPU
		{033EA2DF-554D-4722-8A40-37B4460A2B54}.Debug|x86.ActiveCfg = Debug|Any CPU
		{033EA2DF-554D-4722-8A40-37B4460A2B54}.Debug|x86.Build.0 = Debug|Any CPU
		{033EA2DF-554D-4722-8A40-37B4460A2B54}.Release|Any CPU.ActiveCfg = Release|Any CPU
		{033EA2DF-554D-4722-8A40-37B4460A2B54}.Release|Any CPU.Build.0 = Release|Any CPU
		{033EA2DF-554D-4722-8A40-37B4460A2B54}.Release|x64.ActiveCfg = Release|Any CPU
		{033EA2DF-554D-4722-8A40-37B4460A2B54}.Release|x64.Build.0 = Release|Any CPU
		{033EA2DF-554D-4722-8A40-37B4460A2B54}.Release|x86.ActiveCfg = Release|Any CPU
		{033EA2DF-554D-4722-8A40-37B4460A2B54}.Release|x86.Build.0 = Release|Any CPU
		{C7C18881-BBFB-4361-A8D5-C8A8FC7CA61E}.Debug|Any CPU.ActiveCfg = Debug|Any CPU
		{C7C18881-BBFB-4361-A8D5-C8A8FC7CA61E}.Debug|Any CPU.Build.0 = Debug|Any CPU
		{C7C18881-BBFB-4361-A8D5-C8A8FC7CA61E}.Debug|x64.ActiveCfg = Debug|Any CPU
		{C7C18881-BBFB-4361-A8D5-C8A8FC7CA61E}.Debug|x64.Build.0 = Debug|Any CPU
		{C7C18881-BBFB-4361-A8D5-C8A8FC7CA61E}.Debug|x86.ActiveCfg = Debug|Any CPU
		{C7C18881-BBFB-4361-A8D5-C8A8FC7CA61E}.Debug|x86.Build.0 = Debug|Any CPU
		{C7C18881-BBFB-4361-A8D5-C8A8FC7CA61E}.Release|Any CPU.ActiveCfg = Release|Any CPU
		{C7C18881-BBFB-4361-A8D5-C8A8FC7CA61E}.Release|Any CPU.Build.0 = Release|Any CPU
		{C7C18881-BBFB-4361-A8D5-C8A8FC7CA61E}.Release|x64.ActiveCfg = Release|Any CPU
		{C7C18881-BBFB-4361-A8D5-C8A8FC7CA61E}.Release|x64.Build.0 = Release|Any CPU
		{C7C18881-BBFB-4361-A8D5-C8A8FC7CA61E}.Release|x86.ActiveCfg = Release|Any CPU
		{C7C18881-BBFB-4361-A8D5-C8A8FC7CA61E}.Release|x86.Build.0 = Release|Any CPU
	EndGlobalSection
	GlobalSection(SolutionProperties) = preSolution
		HideSolutionNode = FALSE
	EndGlobalSection
	GlobalSection(NestedProjects) = preSolution
		{2A8700CA-21EF-47B5-AD70-BC9949039526} = {827E0CD3-B72D-47B6-A68D-7590B98EB39B}
		{0F8950DA-C7AD-4D8B-9452-CD27B66B3056} = {827E0CD3-B72D-47B6-A68D-7590B98EB39B}
		{AADD2590-B229-4535-B7E6-3CE95BB012F9} = {827E0CD3-B72D-47B6-A68D-7590B98EB39B}
		{C70504E3-0479-40B3-A83C-3FD51F40CE6F} = {827E0CD3-B72D-47B6-A68D-7590B98EB39B}
		{453634C6-9B6A-4C3C-9823-7C49C672B07E} = {827E0CD3-B72D-47B6-A68D-7590B98EB39B}
		{8B06A944-8D0A-45DD-B214-CD9157617364} = {827E0CD3-B72D-47B6-A68D-7590B98EB39B}
		{033EA2DF-554D-4722-8A40-37B4460A2B54} = {827E0CD3-B72D-47B6-A68D-7590B98EB39B}
		{C7C18881-BBFB-4361-A8D5-C8A8FC7CA61E} = {0AB3BF05-4346-4AA6-1389-037BE0695223}
	EndGlobalSection
EndGlobal
